
Microsoft Visual Studio Solution File, Format Version 12.00
# Visual Studio 15
VisualStudioVersion = 15.0.28307.1231
MinimumVisualStudioVersion = 10.0.40219.1
Project("{2150E333-8FDC-42A3-9474-1A3956D46DE8}") = "Solution Items", "Solution Items", "{7FF9A6D1-44CD-4A4E-AC31-6E125995F708}"
EndProject
Project("{FAE04EC0-301F-11D3-BF4B-00C04F79EFBC}") = "minesweeper", "minesweeper\minesweeper.csproj", "{3EA62C07-01D7-42F1-96A2-F0EC414F1A9E}"
EndProject
Project("{FAE04EC0-301F-11D3-BF4B-00C04F79EFBC}") = "MineSweeperUI", "MineSweeperPl\MineSweeperUI.csproj", "{D4713BA5-0042-459B-A1D4-A47F0D8342E1}"
EndProject
Global
	GlobalSection(SolutionConfigurationPlatforms) = preSolution
		Debug|Any CPU = Debug|Any CPU
		Release|Any CPU = Release|Any CPU
	EndGlobalSection
	GlobalSection(ProjectConfigurationPlatforms) = postSolution
		{3EA62C07-01D7-42F1-96A2-F0EC414F1A9E}.Debug|Any CPU.ActiveCfg = Debug|Any CPU
		{3EA62C07-01D7-42F1-96A2-F0EC414F1A9E}.Debug|Any CPU.Build.0 = Debug|Any CPU
		{3EA62C07-01D7-42F1-96A2-F0EC414F1A9E}.Release|Any CPU.ActiveCfg = Release|Any CPU
		{3EA62C07-01D7-42F1-96A2-F0EC414F1A9E}.Release|Any CPU.Build.0 = Release|Any CPU
		{D4713BA5-0042-459B-A1D4-A47F0D8342E1}.Debug|Any CPU.ActiveCfg = Debug|Any CPU
		{D4713BA5-0042-459B-A1D4-A47F0D8342E1}.Debug|Any CPU.Build.0 = Debug|Any CPU
		{D4713BA5-0042-459B-A1D4-A47F0D8342E1}.Release|Any CPU.ActiveCfg = Release|Any CPU
		{D4713BA5-0042-459B-A1D4-A47F0D8342E1}.Release|Any CPU.Build.0 = Release|Any CPU
	EndGlobalSection
	GlobalSection(SolutionProperties) = preSolution
		HideSolutionNode = FALSE
	EndGlobalSection
	GlobalSection(ExtensibilityGlobals) = postSolution
		SolutionGuid = {8A7E503C-5E3A-4938-8D05-E54BBFDC6A87}
	EndGlobalSection
EndGlobal
